{
  "nodes": {
    "mason-nvim": {
      "flake": false,
      "locked": {
        "lastModified": 1781187285,
        "narHash": "sha256-zx45l5yZeWgnkzaQeY+V3GK84arritj7jfpJ64Go9rg=",
        "owner": "mason-org",
        "repo": "mason.nvim",
        "rev": "2a6940af80375532e5e9e7c1f2fc6319a1b7a69d",
        "type": "github"
      },
      "original": {
        "owner": "mason-org",
        "repo": "mason.nvim",
        "rev": "2a6940af80375532e5e9e7c1f2fc6319a1b7a69d",
        "type": "github"
      }
    },
    "nixpkgs": {
      "locked": {
        "lastModified": 1786384358,
        "narHash": "sha256-RzPPiWeUtuvymnpuEWsdtzli5w4kjZs49FqEs3/1u+I=",
        "owner": "NixOS",
        "repo": "nixpkgs",
        "rev": "2fcb964de67fcf60b43471c55d5d99e61a9ccb5a",
        "type": "github"
      },
      "original": {
        "owner": "NixOS",
        "repo": "nixpkgs",
        "rev": "2fcb964de67fcf60b43471c55d5d99e61a9ccb5a",
        "type": "github"
      }
    },
    "root": {
      "inputs": {
        "mason-nvim": "mason-nvim",
        "nixpkgs": "nixpkgs"
      }
    }
  },
  "root": "root",
  "version": 7
}
